
Microsoft Visual Studio Solution File, Format Version 12.00
# Visual Studio Version 17
VisualStudioVersion = 17.14.36212.18 d17.14
MinimumVisualStudioVersion = 10.0.40219.1
Project("{FAE04EC0-301F-11D3-BF4B-00C04F79EFBC}") = "TuChambaPe", "TuChambaPe\TuChambaPe.csproj", "{CFA59C0F-7E61-4EC3-8508-C0E1D62F8930}"
EndProject
Global
	GlobalSection(SolutionConfigurationPlatforms) = preSolution
		Debug|Any CPU = Debug|Any CPU
		Release|Any CPU = Release|Any CPU
	EndGlobalSection
	GlobalSection(ProjectConfigurationPlatforms) = postSolution
		{CFA59C0F-7E61-4EC3-8508-C0E1D62F8930}.Debug|Any CPU.ActiveCfg = Debug|Any CPU
		{CFA59C0F-7E61-4EC3-8508-C0E1D62F8930}.Debug|Any CPU.Build.0 = Debug|Any CPU
		{CFA59C0F-7E61-4EC3-8508-C0E1D62F8930}.Release|Any CPU.ActiveCfg = Release|Any CPU
		{CFA59C0F-7E61-4EC3-8508-C0E1D62F8930}.Release|Any CPU.Build.0 = Release|Any CPU
	EndGlobalSection
	GlobalSection(SolutionProperties) = preSolution
		HideSolutionNode = FALSE
	EndGlobalSection
	GlobalSection(ExtensibilityGlobals) = postSolution
		SolutionGuid = {8CF3151C-C956-4DE3-9B7D-4D678D246E05}
	EndGlobalSection
EndGlobal
